// !$*UTF8*$!
{
	archiveVersion = 1;
	classes = {
	};
	objectVersion = 50;
	objects = {

/* Begin PBXBuildFile section */
		841B4D632AEA6A9300746853 /* AppDelegate.swift in Sources */ = {isa = PBXBuildFile; fileRef = 841B4D622AEA6A9300746853 /* AppDelegate.swift */; };
		841B4D652AEA6A9300746853 /* ViewController.swift in Sources */ = {isa = PBXBuildFile; fileRef = 841B4D642AEA6A9300746853 /* ViewController.swift */; };
		841B4D682AEA6A9300746853 /* Main.storyboard in Resources */ = {isa = PBXBuildFile; fileRef = 841B4D662AEA6A9300746853 /* Main.storyboard */; };
		841B4D6A2AEA6A9400746853 /* Assets.xcassets in Resources */ = {isa = PBXBuildFile; fileRef = 841B4D692AEA6A9400746853 /* Assets.xcassets */; };
		841B4D6D2AEA6A9400746853 /* LaunchScreen.storyboard in Resources */ = {isa = PBXBuildFile; fileRef = 841B4D6B2AEA6A9400746853 /* LaunchScreen.storyboard */; };
		841B4D752AEA6DC800746853 /* Sandese.mp3 in Resources */ = {isa = PBXBuildFile; fileRef = 841B4D742AEA6DC800746853 /* Sandese.mp3 */; };
		841B4D772AEA6DD200746853 /* HanumanChalisa.mp3 in Resources */ = {isa = PBXBuildFile; fileRef = 841B4D762AEA6DD200746853 /* HanumanChalisa.mp3 */; };
/* End PBXBuildFile section */

/* Begin PBXFileReference section */
		841B4D5F2AEA6A9300746853 /* ca3.app */ = {isa = PBXFileReference; explicitFileType = wrapper.application; includeInIndex = 0; path = ca3.app; sourceTree = BUILT_PRODUCTS_DIR; };
		841B4D622AEA6A9300746853 /* AppDelegate.swift */ = {isa = PBXFileReference; lastKnownFileType = sourcecode.swift; path = AppDelegate.swift; sourceTree = "<group>"; };
		841B4D642AEA6A9300746853 /* ViewController.swift */ = {isa = PBXFileReference; lastKnownFileType = sourcecode.swift; path = ViewController.swift; sourceTree = "<group>"; };
		841B4D672AEA6A9300746853 /* Base */ = {isa = PBXFileReference; lastKnownFileType = file.storyboard; name = Base; path = Base.lproj/Main.storyboard; sourceTree = "<group>"; };
		841B4D692AEA6A9400746853 /* Assets.xcassets */ = {isa = PBXFileReference; lastKnownFileType = folder.assetcatalog; path = Assets.xcassets; sourceTree = "<group>"; };
		841B4D6C2AEA6A9400746853 /* Base */ = {isa = PBXFileReference; lastKnownFileType = file.storyboard; name = Base; path = Base.lproj/LaunchScreen.storyboard; sourceTree = "<group>"; };
		841B4D6E2AEA6A9400746853 /* Info.plist */ = {isa = PBXFileReference; lastKnownFileType = text.plist.xml; path = Info.plist; sourceTree = "<group>"; };
		841B4D742AEA6DC800746853 /* Sandese.mp3 */ = {isa = PBXFileReference; lastKnownFileType = audio.mp3; path = Sandese.mp3; sourceTree = "<group>"; };
		841B4D762AEA6DD200746853 /* HanumanChalisa.mp3 */ = {isa = PBXFileReference; lastKnownFileType = audio.mp3; path = HanumanChalisa.mp3; sourceTree = "<group>"; };
/* End PBXFileReference section */

/* Begin PBXFrameworksBuildPhase section */
		841B4D5C2AEA6A9300746853 /* Frameworks */ = {
			isa = PBXFrameworksBuildPhase;
			buildActionMask = 2147483647;
			files = (
			);
			runOnlyForDeploymentPostprocessing = 0;
		};
/* End PBXFrameworksBuildPhase section */

/* Begin PBXGroup section */
		841B4D562AEA6A9300746853 = {
			isa = PBXGroup;
			children = (
				841B4D612AEA6A9300746853 /* ca3 */,
				841B4D602AEA6A9300746853 /* Products */,
			);
			sourceTree = "<group>";
		};
		841B4D602AEA6A9300746853 /* Products */ = {
			isa = PBXGroup;
			children = (
				841B4D5F2AEA6A9300746853 /* ca3.app */,
			);
			name = Products;
			sourceTree = "<group>";
		};
		841B4D612AEA6A9300746853 /* ca3 */ = {
			isa = PBXGroup;
			children = (
				841B4D622AEA6A9300746853 /* AppDelegate.swift */,
				841B4D642AEA6A9300746853 /* ViewController.swift */,
				841B4D662AEA6A9300746853 /* Main.storyboard */,
				841B4D742AEA6DC800746853 /* Sandese.mp3 */,
				841B4D762AEA6DD200746853 /* HanumanChalisa.mp3 */,
				841B4D692AEA6A9400746853 /* Assets.xcassets */,
				841B4D6B2AEA6A9400746853 /* LaunchScreen.storyboard */,
				841B4D6E2AEA6A9400746853 /* Info.plist */,
			);
			path = ca3;
			sourceTree = "<group>";
		};
/* End PBXGroup section */

/* Begin PBXNativeTarget section */
		841B4D5E2AEA6A9300746853 /* ca3 */ = {
			isa = PBXNativeTarget;
			buildConfigurationList = 841B4D712AEA6A9400746853 /* Build configuration list for PBXNativeTarget "ca3" */;
			buildPhases = (
				841B4D5B2AEA6A9300746853 /* Sources */,
				841B4D5C2AEA6A9300746853 /* Frameworks */,
				841B4D5D2AEA6A9300746853 /* Resources */,
			);
			buildRules = (
			);
			dependencies = (
			);
			name = ca3;
			productName = ca3;
			productReference = 841B4D5F2AEA6A9300746853 /* ca3.app */;
			productType = "com.apple.product-type.application";
		};
/* End PBXNativeTarget section */

/* Begin PBXProject section */
		841B4D572AEA6A9300746853 /* Project object */ = {
			isa = PBXProject;
			attributes = {
				LastSwiftUpdateCheck = 1010;
				LastUpgradeCheck = 1010;
				ORGANIZATIONNAME = Student;
				TargetAttributes = {
					841B4D5E2AEA6A9300746853 = {
						CreatedOnToolsVersion = 10.1;
					};
				};
			};
			buildConfigurationList = 841B4D5A2AEA6A9300746853 /* Build configuration list for PBXProject "ca3" */;
			compatibilityVersion = "Xcode 9.3";
			developmentRegion = en;
			hasScannedForEncodings = 0;
			knownRegions = (
				en,
				Base,
			);
			mainGroup = 841B4D562AEA6A9300746853;
			productRefGroup = 841B4D602AEA6A9300746853 /* Products */;
			projectDirPath = "";
			projectRoot = "";
			targets = (
				841B4D5E2AEA6A9300746853 /* ca3 */,
			);
		};
/* End PBXProject section */

/* Begin PBXResourcesBuildPhase section */
		841B4D5D2AEA6A9300746853 /* Resources */ = {
			isa = PBXResourcesBuildPhase;
			buildActionMask = 2147483647;
			files = (
				841B4D752AEA6DC800746853 /* Sandese.mp3 in Resources */,
				841B4D6D2AEA6A9400746853 /* LaunchScreen.storyboard in Resources */,
				841B4D6A2AEA6A9400746853 /* Assets.xcassets in Resources */,
				841B4D682AEA6A9300746853 /* Main.storyboard in Resources */,
				841B4D772AEA6DD200746853 /* HanumanChalisa.mp3 in Resources */,
			);
			runOnlyForDeploymentPostprocessing = 0;
		};
/* End PBXResourcesBuildPhase section */

/* Begin PBXSourcesBuildPhase section */
		841B4D5B2AEA6A9300746853 /* Sources */ = {
			isa = PBXSourcesBuildPhase;
			buildActionMask = 2147483647;
			files = (
				841B4D652AEA6A9300746853 /* ViewController.swift in Sources */,
				841B4D632AEA6A9300746853 /* AppDelegate.swift in Sources */,
			);
			runOnlyForDeploymentPostprocessing = 0;
		};
/* End PBXSourcesBuildPhase section */

/* Begin PBXVariantGroup section */
		841B4D662AEA6A9300746853 /* Main.storyboard */ = {
			isa = PBXVariantGroup;
			children = (
				841B4D672AEA6A9300746853 /* Base */,
			);
			name = Main.storyboard;
			sourceTree = "<group>";
		};
		841B4D6B2AEA6A9400746853 /* LaunchScreen.storyboard */ = {
			isa = PBXVariantGroup;
			children = (
				841B4D6C2AEA6A9400746853 /* Base */,
			);
			name = LaunchScreen.storyboard;
			sourceTree = "<group>";
		};
/* End PBXVariantGroup section */

/* Begin XCBuildConfiguration section */
		841B4D6F2AEA6A9400746853 /* Debug */ = {
			isa = XCBuildConfiguration;
			buildSettings = {
				ALWAYS_SEARCH_USER_PATHS = NO;
				CLANG_ANALYZER_NONNULL = YES;
				CLANG_ANALYZER_NUMBER_OBJECT_CONVERSION = YES_AGGRESSIVE;
				CLANG_CXX_LANGUAGE_STANDARD = "gnu++14";
				CLANG_CXX_LIBRARY = "libc++";
				CLANG_ENABLE_MODULES = YES;
				CLANG_ENABLE_OBJC_ARC = YES;
				CLANG_ENABLE_OBJC_WEAK = YES;
				CLANG_WARN_BLOCK_CAPTURE_AUTORELEASING = YES;
				CLANG_WARN_BOOL_CONVERSION = YES;
				CLANG_WARN_COMMA = YES;
				CLANG_WARN_CONSTANT_CONVERSION = YES;
				CLANG_WARN_DEPRECATED_OBJC_IMPLEMENTATIONS = YES;
				CLANG_WARN_DIRECT_OBJC_ISA_USAGE = YES_ERROR;
				CLANG_WARN_DOCUMENTATION_COMMENTS = YES;
				CLANG_WARN_EMPTY_BODY = YES;
				CLANG_WARN_ENUM_CONVERSION = YES;
				CLANG_WARN_INFINITE_RECURSION = YES;
				CLANG_WARN_INT_CONVERSION = YES;
				CLANG_WARN_NON_LITERAL_NULL_CONVERSION = YES;
				CLANG_WARN_OBJC_IMPLICIT_RETAIN_SELF = YES;
				CLANG_WARN_OBJC_LITERAL_CONVERSION = YES;
				CLANG_WARN_OBJC_ROOT_CLASS = YES_ERROR;
				CLANG_WARN_RANGE_LOOP_ANALYSIS = YES;
				CLANG_WARN_STRICT_PROTOTYPES = YES;
				CLANG_WARN_SUSPICIOUS_MOVE = YES;
				CLANG_WARN_UNGUARDED_AVAILABILITY = YES_AGGRESSIVE;
				CLANG_WARN_UNREACHABLE_CODE = YES;
				CLANG_WARN__DUPLICATE_METHOD_MATCH = YES;
				CODE_SIGN_IDENTITY = "iPhone Developer";
				COPY_PHASE_STRIP = NO;
				DEBUG_INFORMATION_FORMAT = dwarf;
				ENABLE_STRICT_OBJC_MSGSEND = YES;
				ENABLE_TESTABILITY = YES;
				GCC_C_LANGUAGE_STANDARD = gnu11;
				GCC_DYNAMIC_NO_PIC = NO;
				GCC_NO_COMMON_BLOCKS = YES;
				GCC_OPTIMIZATION_LEVEL = 0;
				GCC_PREPROCESSOR_DEFINITIONS = (
					"DEBUG=1",
					"$(inherited)",
				);
				GCC_WARN_64_TO_32_BIT_CONVERSION = YES;
				GCC_WARN_ABOUT_RETURN_TYPE = YES_ERROR;
				GCC_WARN_UNDECLARED_SELECTOR = YES;
				GCC_WARN_UNINITIALIZED_AUTOS = YES_AGGRESSIVE;
				GCC_WARN_UNUSED_FUNCTION = YES;
				GCC_WARN_UNUSED_VARIABLE = YES;
				IPHONEOS_DEPLOYMENT_TARGET = 12.1;
				MTL_ENABLE_DEBUG_INFO = INCLUDE_SOURCE;
				MTL_FAST_MATH = YES;
				ONLY_ACTIVE_ARCH = YES;
				SDKROOT = iphoneos;
				SWIFT_ACTIVE_COMPILATION_CONDITIONS = DEBUG;
				SWIFT_OPTIMIZATION_LEVEL = "-Onone";
			};
			name = Debug;
		};
		841B4D702AEA6A9400746853 /* Release */ = {
			isa = XCBuildConfiguration;
			buildSettings = {
				ALWAYS_SEARCH_USER_PATHS = NO;
				CLANG_ANALYZER_NONNULL = YES;
				CLANG_ANALYZER_NUMBER_OBJECT_CONVERSION = YES_AGGRESSIVE;
				CLANG_CXX_LANGUAGE_STANDARD = "gnu++14";
				CLANG_CXX_LIBRARY = "libc++";
				CLANG_ENABLE_MODULES = YES;
				CLANG_ENABLE_OBJC_ARC = YES;
				CLANG_ENABLE_OBJC_WEAK = YES;
				CLANG_WARN_BLOCK_CAPTURE_AUTORELEASING = YES;
				CLANG_WARN_BOOL_CONVERSION = YES;
				CLANG_WARN_COMMA = YES;
				CLANG_WARN_CONSTANT_CONVERSION = YES;
				CLANG_WARN_DEPRECATED_OBJC_IMPLEMENTATIONS = YES;
				CLANG_WARN_DIRECT_OBJC_ISA_USAGE = YES_ERROR;
				CLANG_WARN_DOCUMENTATION_COMMENTS = YES;
				CLANG_WARN_EMPTY_BODY = YES;
				CLANG_WARN_ENUM_CONVERSION = YES;
				CLANG_WARN_INFINITE_RECURSION = YES;
				CLANG_WARN_INT_CONVERSION = YES;
				CLANG_WARN_NON_LITERAL_NULL_CONVERSION = YES;
				CLANG_WARN_OBJC_IMPLICIT_RETAIN_SELF = YES;
				CLANG_WARN_OBJC_LITERAL_CONVERSION = YES;
				CLANG_WARN_OBJC_ROOT_CLASS = YES_ERROR;
				CLANG_WARN_RANGE_LOOP_ANALYSIS = YES;
				CLANG_WARN_STRICT_PROTOTYPES = YES;
				CLANG_WARN_SUSPICIOUS_MOVE = YES;
				CLANG_WARN_UNGUARDED_AVAILABILITY = YES_AGGRESSIVE;
				CLANG_WARN_UNREACHABLE_CODE = YES;
				CLANG_WARN__DUPLICATE_METHOD_MATCH = YES;
				CODE_SIGN_IDENTITY = "iPhone Developer";
				COPY_PHASE_STRIP = NO;
				DEBUG_INFORMATION_FORMAT = "dwarf-with-dsym";
				ENABLE_NS_ASSERTIONS = NO;
				ENABLE_STRICT_OBJC_MSGSEND = YES;
				GCC_C_LANGUAGE_STANDARD = gnu11;
				GCC_NO_COMMON_BLOCKS = YES;
				GCC_WARN_64_TO_32_BIT_CONVERSION = YES;
				GCC_WARN_ABOUT_RETURN_TYPE = YES_ERROR;
				GCC_WARN_UNDECLARED_SELECTOR = YES;
				GCC_WARN_UNINITIALIZED_AUTOS = YES_AGGRESSIVE;
				GCC_WARN_UNUSED_FUNCTION = YES;
				GCC_WARN_UNUSED_VARIABLE = YES;
				IPHONEOS_DEPLOYMENT_TARGET = 12.1;
				MTL_ENABLE_DEBUG_INFO = NO;
				MTL_FAST_MATH = YES;
				SDKROOT = iphoneos;
				SWIFT_COMPILATION_MODE = wholemodule;
				SWIFT_OPTIMIZATION_LEVEL = "-O";
				VALIDATE_PRODUCT = YES;
			};
			name = Release;
		};
		841B4D722AEA6A9400746853 /* Debug */ = {
			isa = XCBuildConfiguration;
			buildSettings = {
				ASSETCATALOG_COMPILER_APPICON_NAME = AppIcon;
				CODE_SIGN_STYLE = Automatic;
				INFOPLIST_FILE = ca3/Info.plist;
				LD_RUNPATH_SEARCH_PATHS = (
					"$(inherited)",
					"@executable_path/Frameworks",
				);
				PRODUCT_BUNDLE_IDENTIFIER = LPU.ca3;
				PRODUCT_NAME = "$(TARGET_NAME)";
				SWIFT_VERSION = 4.2;
				TARGETED_DEVICE_FAMILY = "1,2";
			};
			name = Debug;
		};
		841B4D732AEA6A9400746853 /* Release */ = {
			isa = XCBuildConfiguration;
			buildSettings = {
				ASSETCATALOG_COMPILER_APPICON_NAME = AppIcon;
				CODE_SIGN_STYLE = Automatic;
				INFOPLIST_FILE = ca3/Info.plist;
				LD_RUNPATH_SEARCH_PATHS = (
					"$(inherited)",
					"@executable_path/Frameworks",
				);
				PRODUCT_BUNDLE_IDENTIFIER = LPU.ca3;
				PRODUCT_NAME = "$(TARGET_NAME)";
				SWIFT_VERSION = 4.2;
				TARGETED_DEVICE_FAMILY = "1,2";
			};
			name = Release;
		};
/* End XCBuildConfiguration section */

/* Begin XCConfigurationList section */
		841B4D5A2AEA6A9300746853 /* Build configuration list for PBXProject "ca3" */ = {
			isa = XCConfigurationList;
			buildConfigurations = (
				841B4D6F2AEA6A9400746853 /* Debug */,
				841B4D702AEA6A9400746853 /* Release */,
			);
			defaultConfigurationIsVisible = 0;
			defaultConfigurationName = Release;
		};
		841B4D712AEA6A9400746853 /* Build configuration list for PBXNativeTarget "ca3" */ = {
			isa = XCConfigurationList;
			buildConfigurations = (
				841B4D722AEA6A9400746853 /* Debug */,
				841B4D732AEA6A9400746853 /* Release */,
			);
			defaultConfigurationIsVisible = 0;
			defaultConfigurationName = Release;
		};
/* End XCConfigurationList section */
	};
	rootObject = 841B4D572AEA6A9300746853 /* Project object */;
}
